# THIS IS AN AUTOGENERATED FILE. DO NOT EDIT THIS FILE DIRECTLY.
# yarn lockfile v1


"@stageny/base@^1.0.1":
  version "1.0.1"
  resolved "https://registry.yarnpkg.com/@stageny/base/-/base-1.0.1.tgz#a0193383a491e6ee62c8cb20b013e5cbb0757672"
  integrity sha512-7T1U35ufZRSGnxQbSlwZeuuVpgKX9dqoRXzVnqjh/tmLxeNxZOWsm41Ga5A4h0W53B1Nqrsz1KMyLVPMBAhxcA==

"@stageny/util@^1.0.1":
  version "1.0.1"
  resolved "https://registry.yarnpkg.com/@stageny/util/-/util-1.0.1.tgz#d22301608b85d8b46ed15908f4af83449cf15ac4"
  integrity sha512-vfwFYgqPiFcBFwxFoarTOxMdUnTMRhB1BgJxuNI55Bb89AdhJFIys84GGBeK8Mygaesd6WZOldkVEol+ENc6pQ==
  dependencies:
    "@stageny/base" "^1.0.1"
