{
	"name": "@stageny/util",
	"version": "1.0.3",
	"lockfileVersion": 1,
	"requires": true,
	"dependencies": {
		"@fateharsh/debugging-timer": {
			"version": "1.0.1",
			"resolved": "https://registry.npmjs.org/@fateharsh/debugging-timer/-/debugging-timer-1.0.1.tgz",
			"integrity": "sha512-QEox2EbwSxgMbG6NGDijv73ajxZ9oFrAByo/XYXqKMbcFf2c8iV40hhBBKvQCW2+bqynrNnVila0enkOmTcbXg=="
		},
		"ansi-colors": {
			"version": "4.1.1",
			"resolved": "https://registry.npmjs.org/ansi-colors/-/ansi-colors-4.1.1.tgz",
			"integrity": "sha512-JoX0apGbHaUJBNl6yF+p6JAFYZ666/hhCGKN5t9QFjbJQKUU/g8MNbFDbvfrgKXvI1QpZplPOnwIo99lX/AAmA=="
		}
	}
}
